
Microsoft Visual Studio Solution File, Format Version 9.00
# Visual Studio 2005
Project("{E24C65DC-7377-472B-9ABA-BC803B73C61A}") = "E:\SFS\StudentPersonalFile\ERMS_Web\", "E:\SFS\StudentPersonalFile\ERMS_Web\", "{DB9E0827-E7F0-4E23-A65B-5B1B849CF1AC}"
	ProjectSection(WebsiteProperties) = preProject
		Debug.AspNetCompiler.VirtualPath = "/ERMS_Web"
		Debug.AspNetCompiler.PhysicalPath = "E:\SFS\StudentPersonalFile\ERMS_Web\"
		Debug.AspNetCompiler.TargetPath = "PrecompiledWeb\ERMS_Web\"
		Debug.AspNetCompiler.Updateable = "true"
		Debug.AspNetCompiler.ForceOverwrite = "true"
		Debug.AspNetCompiler.FixedNames = "false"
		Debug.AspNetCompiler.Debug = "True"
		Release.AspNetCompiler.VirtualPath = "/ERMS_Web"
		Release.AspNetCompiler.PhysicalPath = "E:\SFS\StudentPersonalFile\ERMS_Web\"
		Release.AspNetCompiler.TargetPath = "PrecompiledWeb\ERMS_Web\"
		Release.AspNetCompiler.Updateable = "true"
		Release.AspNetCompiler.ForceOverwrite = "true"
		Release.AspNetCompiler.FixedNames = "false"
		Release.AspNetCompiler.Debug = "False"
		VWDPort = "2928"
		DefaultWebSiteLanguage = "Visual C#"
	EndProjectSection
EndProject
Global
	GlobalSection(SolutionConfigurationPlatforms) = preSolution
		Debug|.NET = Debug|.NET
	EndGlobalSection
	GlobalSection(ProjectConfigurationPlatforms) = postSolution
		{DB9E0827-E7F0-4E23-A65B-5B1B849CF1AC}.Debug|.NET.ActiveCfg = Debug|.NET
		{DB9E0827-E7F0-4E23-A65B-5B1B849CF1AC}.Debug|.NET.Build.0 = Debug|.NET
	EndGlobalSection
	GlobalSection(SolutionProperties) = preSolution
		HideSolutionNode = FALSE
	EndGlobalSection
EndGlobal
